
Microsoft Visual Studio Solution File, Format Version 12.00
# Visual Studio 15
VisualStudioVersion = 15.0.27004.2005
MinimumVisualStudioVersion = 10.0.40219.1
Project("{9A19103F-16F7-4668-BE54-9A1E7A4F7556}") = "RamowkiNoAuth", "RamowkiNoAuth\RamowkiNoAuth.csproj", "{7383BBAE-7EA1-48D7-9569-28F4BAB17254}"
EndProject
Global
	GlobalSection(SolutionConfigurationPlatforms) = preSolution
		Debug|Any CPU = Debug|Any CPU
		Release|Any CPU = Release|Any CPU
	EndGlobalSection
	GlobalSection(ProjectConfigurationPlatforms) = postSolution
		{7383BBAE-7EA1-48D7-9569-28F4BAB17254}.Debug|Any CPU.ActiveCfg = Debug|Any CPU
		{7383BBAE-7EA1-48D7-9569-28F4BAB17254}.Debug|Any CPU.Build.0 = Debug|Any CPU
		{7383BBAE-7EA1-48D7-9569-28F4BAB17254}.Release|Any CPU.ActiveCfg = Release|Any CPU
		{7383BBAE-7EA1-48D7-9569-28F4BAB17254}.Release|Any CPU.Build.0 = Release|Any CPU
	EndGlobalSection
	GlobalSection(SolutionProperties) = preSolution
		HideSolutionNode = FALSE
	EndGlobalSection
	GlobalSection(ExtensibilityGlobals) = postSolution
		SolutionGuid = {E700D09D-0F0B-48F0-A70D-924E3694089E}
	EndGlobalSection
EndGlobal
